
Microsoft Visual Studio Solution File, Format Version 12.00
# Visual Studio 15
VisualStudioVersion = 15.0.28010.2036
MinimumVisualStudioVersion = 10.0.40219.1
Project("{9A19103F-16F7-4668-BE54-9A1E7A4F7556}") = "smartcat-quest", "smartcat-quest\smartcat-quest.csproj", "{FAB1941E-1AA3-4E85-81EA-3F6CE2DD4954}"
EndProject
Global
	GlobalSection(SolutionConfigurationPlatforms) = preSolution
		Debug|Any CPU = Debug|Any CPU
		Release|Any CPU = Release|Any CPU
	EndGlobalSection
	GlobalSection(ProjectConfigurationPlatforms) = postSolution
		{FAB1941E-1AA3-4E85-81EA-3F6CE2DD4954}.Debug|Any CPU.ActiveCfg = Debug|Any CPU
		{FAB1941E-1AA3-4E85-81EA-3F6CE2DD4954}.Debug|Any CPU.Build.0 = Debug|Any CPU
		{FAB1941E-1AA3-4E85-81EA-3F6CE2DD4954}.Release|Any CPU.ActiveCfg = Release|Any CPU
		{FAB1941E-1AA3-4E85-81EA-3F6CE2DD4954}.Release|Any CPU.Build.0 = Release|Any CPU
	EndGlobalSection
	GlobalSection(SolutionProperties) = preSolution
		HideSolutionNode = FALSE
	EndGlobalSection
	GlobalSection(ExtensibilityGlobals) = postSolution
		SolutionGuid = {6F09A2F7-E124-49EF-9A00-2C3D0F400448}
	EndGlobalSection
EndGlobal
